# This file is generated by running "yarn install" inside your project.
# Manual changes might be lost - proceed with caution!

__metadata:
  version: 8
  cacheKey: 10c0

"@bjeco/prettier-config@npm:*":
  version: 0.1.6
  resolution: "@bjeco/prettier-config@npm:0.1.6"
  dependencies:
    prettier: "npm:2.0.5"
  checksum: 10c0/039b020ad7313b557af6e2bf8810eac92ffce27770d41e0cc2f8f6bbc076fe0770e7f3d3f321c85281675cb0ad5c594b7c7269400195fab38e4030e928ff4566
  languageName: node
  linkType: hard

"@swc/helpers@npm:^0.5.12":
  version: 0.5.18
  resolution: "@swc/helpers@npm:0.5.18"
  dependencies:
    tslib: "npm:^2.8.0"
  checksum: 10c0/cb32d72e32f775c30287bffbcf61c89ea3a963608cb3a4a675a3f9af545b8b3ab0bc9930432a5520a7307daaa87538158e253584ae1cf39f3e7e6e83408a2d51
  languageName: node
  linkType: hard

"@types/node@npm:*, @types/node@npm:^25.2.0":
  version: 25.2.0
  resolution: "@types/node@npm:25.2.0"
  dependencies:
    undici-types: "npm:~7.16.0"
  checksum: 10c0/89559ea0de5c8c2da051b384f2cd3161012446816e05d18841838f814e57eb1865f000622e903f08d14f5242736063ed4003a4a359730fdd367e35e2122a8fce
  languageName: node
  linkType: hard

"@types/pdfkit@npm:^0.17.4":
  version: 0.17.4
  resolution: "@types/pdfkit@npm:0.17.4"
  dependencies:
    "@types/node": "npm:*"
  checksum: 10c0/d2e5c8b951627bf725c7b29592011ec69df44447f334a9dc5a30b0cc1c7c32381d9b3de0d8c3cfc51114f497586bb2538d07bd937be5d8a73a09aa383f5a34ee
  languageName: node
  linkType: hard

"base64-js@npm:0.0.8":
  version: 0.0.8
  resolution: "base64-js@npm:0.0.8"
  checksum: 10c0/60f02a9fdbbbb251c0a1064834d4062f5a3c4237edd9f0313282d75980a80ce303316795f7a80c8e240e524169644d88445ec0697b03f81ab9f4458090979375
  languageName: node
  linkType: hard

"base64-js@npm:^1.1.2, base64-js@npm:^1.3.0":
  version: 1.5.1
  resolution: "base64-js@npm:1.5.1"
  checksum: 10c0/f23823513b63173a001030fae4f2dabe283b99a9d324ade3ad3d148e218134676f1ee8568c877cd79ec1c53158dcf2d2ba527a97c606618928ba99dd930102bf
  languageName: node
  linkType: hard

"brotli@npm:^1.3.2":
  version: 1.3.3
  resolution: "brotli@npm:1.3.3"
  dependencies:
    base64-js: "npm:^1.1.2"
  checksum: 10c0/9d24e24f8b7eabf44af034ed5f7d5530008b835f09a107a84ac060723e86dd43c6aa68958691fe5df524f59473b35f5ce2e0854aa1152c0a254d1010f51bcf22
  languageName: node
  linkType: hard

"clone@npm:^2.1.2":
  version: 2.1.2
  resolution: "clone@npm:2.1.2"
  checksum: 10c0/ed0601cd0b1606bc7d82ee7175b97e68d1dd9b91fd1250a3617b38d34a095f8ee0431d40a1a611122dcccb4f93295b4fdb94942aa763392b5fe44effa50c2d5e
  languageName: node
  linkType: hard

"crypto-js@npm:^4.2.0":
  version: 4.2.0
  resolution: "crypto-js@npm:4.2.0"
  checksum: 10c0/8fbdf9d56f47aea0794ab87b0eb9833baf80b01a7c5c1b0edc7faf25f662fb69ab18dc2199e2afcac54670ff0cd9607a9045a3f7a80336cccd18d77a55b9fdf0
  languageName: node
  linkType: hard

"dfa@npm:^1.2.0":
  version: 1.2.0
  resolution: "dfa@npm:1.2.0"
  checksum: 10c0/ad12f0bc73b530876672e0a9dfbaa350eeff0c876580042734a004e462eca86d7749b9dedf6b067ba54f346137ab23d16615826bbfa424a3e01ab0e2786fad3c
  languageName: node
  linkType: hard

"dotenv@npm:^17.2.3":
  version: 17.2.3
  resolution: "dotenv@npm:17.2.3"
  checksum: 10c0/c884403209f713214a1b64d4d1defa4934c2aa5b0002f5a670ae298a51e3c3ad3ba79dfee2f8df49f01ae74290fcd9acdb1ab1d09c7bfb42b539036108bb2ba0
  languageName: node
  linkType: hard

"fast-deep-equal@npm:^3.1.3":
  version: 3.1.3
  resolution: "fast-deep-equal@npm:3.1.3"
  checksum: 10c0/40dedc862eb8992c54579c66d914635afbec43350afbbe991235fdcb4e3a8d5af1b23ae7e79bef7d4882d0ecee06c3197488026998fb19f72dc95acff1d1b1d0
  languageName: node
  linkType: hard

"fontkit@npm:^2.0.4":
  version: 2.0.4
  resolution: "fontkit@npm:2.0.4"
  dependencies:
    "@swc/helpers": "npm:^0.5.12"
    brotli: "npm:^1.3.2"
    clone: "npm:^2.1.2"
    dfa: "npm:^1.2.0"
    fast-deep-equal: "npm:^3.1.3"
    restructure: "npm:^3.0.0"
    tiny-inflate: "npm:^1.0.3"
    unicode-properties: "npm:^1.4.0"
    unicode-trie: "npm:^2.0.0"
  checksum: 10c0/e68940a0801daa53a4bd160fc49814eeea5eab4dc67225b43064548d35939be9f14de17213bc1a88064adf81b6dfbdb53bda7189df1d07a3ad044482e7fd55e4
  languageName: node
  linkType: hard

"jpeg-exif@npm:^1.1.4":
  version: 1.1.4
  resolution: "jpeg-exif@npm:1.1.4"
  checksum: 10c0/0f9225b2423184d60c66b3d7361176801c17ede92fc9b3c044fcf00f379a5a1d424b360ecf0027dda47d405d253c7b62bf5b353fb08b2589e3650f38cc575e82
  languageName: node
  linkType: hard

"linebreak@npm:^1.1.0":
  version: 1.1.0
  resolution: "linebreak@npm:1.1.0"
  dependencies:
    base64-js: "npm:0.0.8"
    unicode-trie: "npm:^2.0.0"
  checksum: 10c0/b350c90d7b10db30345ed56cdb869548110ce73ccdc4337100eaee50755eed78e9823490e6f2d7ed0adde14f7ed2a12d8583015e072c54f34dc70b316fde133d
  languageName: node
  linkType: hard

"pako@npm:^0.2.5":
  version: 0.2.9
  resolution: "pako@npm:0.2.9"
  checksum: 10c0/79c1806ebcf325b60ae599e4d7227c2e346d7b829dc20f5cf24cef07c934079dc3a61c5b3c8278a2f7a190c4a613e343ea11e5302dbe252efd11712df4b6b041
  languageName: node
  linkType: hard

"pdfkit@npm:^0.17.2":
  version: 0.17.2
  resolution: "pdfkit@npm:0.17.2"
  dependencies:
    crypto-js: "npm:^4.2.0"
    fontkit: "npm:^2.0.4"
    jpeg-exif: "npm:^1.1.4"
    linebreak: "npm:^1.1.0"
    png-js: "npm:^1.0.0"
  checksum: 10c0/d6344391fb882613e7e71afd369a1bb06264de4c38d56ae727e043895c3711b5d563f5d1e408ea766a196677d156502bf7baf94ddd011a57927c59c8c36f09ba
  languageName: node
  linkType: hard

"png-js@npm:^1.0.0":
  version: 1.0.0
  resolution: "png-js@npm:1.0.0"
  checksum: 10c0/b591107bb888c66cb1799327774f73f2865a366b5992ed7335c81610eab0e9cb4f13fb396e3c00e28781ada6ccde170b566209e9df833a2abe71d11da55aea85
  languageName: node
  linkType: hard

"prettier@npm:2.0.5":
  version: 2.0.5
  resolution: "prettier@npm:2.0.5"
  bin:
    prettier: bin-prettier.js
  checksum: 10c0/8f7b9cb4f6ce4b411b541f89ad65792037424b87ca6544488e4e56f2a0df20ce1f05de24973b6f7766a1855d80866ca9f92b577c025dfbd6689dd3ecc5837a34
  languageName: node
  linkType: hard

"restructure@npm:^3.0.0":
  version: 3.0.2
  resolution: "restructure@npm:3.0.2"
  checksum: 10c0/f13536c094ba40a9af704e6a9fc030afd48d6112e9a3bec5f9cf5bad50416a22a7cf9aaece542bbac8c82204ad4901bf455e6204613abedbc075bc221ea6bdef
  languageName: node
  linkType: hard

"shippo-packing-slips@workspace:.":
  version: 0.0.0-use.local
  resolution: "shippo-packing-slips@workspace:."
  dependencies:
    "@bjeco/prettier-config": "npm:*"
    "@types/node": "npm:^25.2.0"
    "@types/pdfkit": "npm:^0.17.4"
    dotenv: "npm:^17.2.3"
    pdfkit: "npm:^0.17.2"
    shippo: "npm:^2.17.4"
    typescript: "npm:^5.9.3"
  languageName: unknown
  linkType: soft

"shippo@npm:^2.17.4":
  version: 2.17.4
  resolution: "shippo@npm:2.17.4"
  dependencies:
    zod: "npm:^3.25.65 || ^4.0.0"
  checksum: 10c0/90ca7f135032a491c94eea0ac82eb6a76c4c2efbdd7dcecb1f37e4229776d61a2ad8fecd34dfdd445974dfde1a005b7c05f9c1269775fa555638c6d919ea9ae9
  languageName: node
  linkType: hard

"tiny-inflate@npm:^1.0.0, tiny-inflate@npm:^1.0.3":
  version: 1.0.3
  resolution: "tiny-inflate@npm:1.0.3"
  checksum: 10c0/fab687537254f6ec44c9a2e880048fe70da3542aba28f73cda3e74c95cabf342a339372f2a6c032e322324f01accc03ca26c04ba2bad9b3eb8cf3ee99bba7f9b
  languageName: node
  linkType: hard

"tslib@npm:^2.8.0":
  version: 2.8.1
  resolution: "tslib@npm:2.8.1"
  checksum: 10c0/9c4759110a19c53f992d9aae23aac5ced636e99887b51b9e61def52611732872ff7668757d4e4c61f19691e36f4da981cd9485e869b4a7408d689f6bf1f14e62
  languageName: node
  linkType: hard

"typescript@npm:^5.9.3":
  version: 5.9.3
  resolution: "typescript@npm:5.9.3"
  bin:
    tsc: bin/tsc
    tsserver: bin/tsserver
  checksum: 10c0/6bd7552ce39f97e711db5aa048f6f9995b53f1c52f7d8667c1abdc1700c68a76a308f579cd309ce6b53646deb4e9a1be7c813a93baaf0a28ccd536a30270e1c5
  languageName: node
  linkType: hard

"typescript@patch:typescript@npm%3A^5.9.3#optional!builtin<compat/typescript>":
  version: 5.9.3
  resolution: "typescript@patch:typescript@npm%3A5.9.3#optional!builtin<compat/typescript>::version=5.9.3&hash=5786d5"
  bin:
    tsc: bin/tsc
    tsserver: bin/tsserver
  checksum: 10c0/ad09fdf7a756814dce65bc60c1657b40d44451346858eea230e10f2e95a289d9183b6e32e5c11e95acc0ccc214b4f36289dcad4bf1886b0adb84d711d336a430
  languageName: node
  linkType: hard

"undici-types@npm:~7.16.0":
  version: 7.16.0
  resolution: "undici-types@npm:7.16.0"
  checksum: 10c0/3033e2f2b5c9f1504bdc5934646cb54e37ecaca0f9249c983f7b1fc2e87c6d18399ebb05dc7fd5419e02b2e915f734d872a65da2e3eeed1813951c427d33cc9a
  languageName: node
  linkType: hard

"unicode-properties@npm:^1.4.0":
  version: 1.4.1
  resolution: "unicode-properties@npm:1.4.1"
  dependencies:
    base64-js: "npm:^1.3.0"
    unicode-trie: "npm:^2.0.0"
  checksum: 10c0/1d140b7945664fb0ef53de955170821e077b949eef377c6e4905902f07e339039271bfa2a005e4f4c6074b080d3420b486c52dc905e11f924949a04d1fb47ffd
  languageName: node
  linkType: hard

"unicode-trie@npm:^2.0.0":
  version: 2.0.0
  resolution: "unicode-trie@npm:2.0.0"
  dependencies:
    pako: "npm:^0.2.5"
    tiny-inflate: "npm:^1.0.0"
  checksum: 10c0/2422368645249f315640a1c9e9506046aa7738fc9c5d59e15c207cdd6ec66101c35b0b9f75dc3ac28fe7be19aaf1efc898bbea074fa1e8e295ef736aeb7904bb
  languageName: node
  linkType: hard

"zod@npm:^3.25.65 || ^4.0.0":
  version: 4.3.6
  resolution: "zod@npm:4.3.6"
  checksum: 10c0/860d25a81ab41d33aa25f8d0d07b091a04acb426e605f396227a796e9e800c44723ed96d0f53a512b57be3d1520f45bf69c0cb3b378a232a00787a2609625307
  languageName: node
  linkType: hard
